<?xml version="1.0" encoding="utf-8"?>
<Project ToolsVersion="4.0" xmlns="http://schemas.microsoft.com/developer/msbuild/2003">
  <ItemGroup>
    <Filter Include="Source Files">
      <UniqueIdentifier>{4FC737F1-C7A5-4376-A066-2A32D752A2FF}</UniqueIdentifier>
      <Extensions>cpp;c;cc;cxx;def;odl;idl;hpj;bat;asm;asmx</Extensions>
    </Filter>
    <Filter Include="Header Files">
      <UniqueIdentifier>{93995380-89BD-4b04-88EB-625FBE52EBFB}</UniqueIdentifier>
      <Extensions>h;hh;hpp;hxx;hm;inl;inc;xsd</Extensions>
    </Filter>
    <Filter Include="Resource Files">
      <UniqueIdentifier>{67DA6AB6-F800-4c08-8B7A-83BB121AAD01}</UniqueIdentifier>
      <Extensions>rc;ico;cur;bmp;dlg;rc2;rct;bin;rgs;gif;jpg;jpeg;jpe;resx;tiff;tif;png;wav;mfcribbon-ms</Extensions>
    </Filter>
    <Filter Include="Header Files\Camera">
      <UniqueIdentifier>{0159b342-d9e1-4755-a254-331dc5ef8ed5}</UniqueIdentifier>
    </Filter>
    <Filter Include="Header Files\Entity">
      <UniqueIdentifier>{0b134f21-a453-4bf4-a300-4d2fd3c3d6fa}</UniqueIdentifier>
    </Filter>
    <Filter Include="Header Files\Font">
      <UniqueIdentifier>{96227b50-100b-4035-8419-0a855dd0b283}</UniqueIdentifier>
    </Filter>
    <Filter Include="Header Files\GUI">
      <UniqueIdentifier>{47929302-248d-4152-b6bd-e84f731eeead}</UniqueIdentifier>
    </Filter>
    <Filter Include="Header Files\BaseEngine">
      <UniqueIdentifier>{8f350013-8e1f-4af0-a9c6-ba9425cb1404}</UniqueIdentifier>
    </Filter>
    <Filter Include="Header Files\Loader">
      <UniqueIdentifier>{71b75194-9cf4-4325-b29f-03cd543046ce}</UniqueIdentifier>
    </Filter>
    <Filter Include="Header Files\Terrain">
      <UniqueIdentifier>{8178d03e-e9c9-4e99-8b3a-910859be0f85}</UniqueIdentifier>
    </Filter>
    <Filter Include="Header Files\Scenes">
      <UniqueIdentifier>{5fcf24c9-8eb9-45b7-ab6e-9873b50bc262}</UniqueIdentifier>
    </Filter>
    <Filter Include="Source Files\Camera">
      <UniqueIdentifier>{740c415f-f529-4bed-bddf-489d1d46d816}</UniqueIdentifier>
    </Filter>
    <Filter Include="Source Files\BaseEngine">
      <UniqueIdentifier>{cd8b094b-6ec6-4269-82a0-db61451cd8c8}</UniqueIdentifier>
    </Filter>
    <Filter Include="Source Files\Loader">
      <UniqueIdentifier>{514bc8cf-40b9-4b43-b3a1-a1f93f9f5c0e}</UniqueIdentifier>
    </Filter>
    <Filter Include="Source Files\Terrain">
      <UniqueIdentifier>{5d9dafa5-cd78-4fe9-853a-82d757b679a0}</UniqueIdentifier>
    </Filter>
    <Filter Include="Source Files\Scene">
      <UniqueIdentifier>{5c0e393d-bd5f-461d-b50f-b376e8b55921}</UniqueIdentifier>
    </Filter>
    <Filter Include="Source Files\Entity">
      <UniqueIdentifier>{210c1f84-543e-4eb4-809a-2ee589653f98}</UniqueIdentifier>
    </Filter>
    <Filter Include="Source Files\GUI">
      <UniqueIdentifier>{d20c7b2c-0404-4d5b-83b6-865b720a751b}</UniqueIdentifier>
    </Filter>
    <Filter Include="Source Files\Font">
      <UniqueIdentifier>{9d438842-aa10-43e8-98c0-9bcc55fdf9ac}</UniqueIdentifier>
    </Filter>
  </ItemGroup>
  <ItemGroup>
    <ClCompile Include="source\main.cpp">
      <Filter>Source Files</Filter>
    </ClCompile>
    <ClCompile Include="source\Camera.cpp">
      <Filter>Source Files\Camera</Filter>
    </ClCompile>
    <ClCompile Include="source\FirstPersonCamera.cpp">
      <Filter>Source Files\Camera</Filter>
    </ClCompile>
    <ClCompile Include="source\ThridPersonCamera.cpp">
      <Filter>Source Files\Camera</Filter>
    </ClCompile>
    <ClCompile Include="source\DisplayManager.cpp">
      <Filter>Source Files\BaseEngine</Filter>
    </ClCompile>
    <ClCompile Include="source\GLgame.cpp">
      <Filter>Source Files\BaseEngine</Filter>
    </ClCompile>
    <ClCompile Include="source\Light.cpp">
      <Filter>Source Files\BaseEngine</Filter>
    </ClCompile>
    <ClCompile Include="source\Loader.cpp">
      <Filter>Source Files\Loader</Filter>
    </ClCompile>
    <ClCompile Include="source\Model.cpp">
      <Filter>Source Files\Loader</Filter>
    </ClCompile>
    <ClCompile Include="source\Terrain.cpp">
      <Filter>Source Files\Terrain</Filter>
    </ClCompile>
    <ClCompile Include="source\TerrainRenderer.cpp">
      <Filter>Source Files\Terrain</Filter>
    </ClCompile>
    <ClCompile Include="source\TerrainShader.cpp">
      <Filter>Source Files\Terrain</Filter>
    </ClCompile>
    <ClCompile Include="source\Scene.cpp">
      <Filter>Source Files\Scene</Filter>
    </ClCompile>
    <ClCompile Include="source\ShaderProgram.cpp">
      <Filter>Source Files\BaseEngine</Filter>
    </ClCompile>
    <ClCompile Include="source\GUIShader.cpp">
      <Filter>Source Files\GUI</Filter>
    </ClCompile>
    <ClCompile Include="source\Player.cpp">
      <Filter>Source Files\Entity</Filter>
    </ClCompile>
    <ClCompile Include="source\Entity.cpp">
      <Filter>Source Files\Entity</Filter>
    </ClCompile>
    <ClCompile Include="source\EntityShader.cpp">
      <Filter>Source Files\Entity</Filter>
    </ClCompile>
    <ClCompile Include="source\EnitityRenderer.cpp">
      <Filter>Source Files\Entity</Filter>
    </ClCompile>
    <ClCompile Include="source\LoadingShader.cpp">
      <Filter>Source Files\BaseEngine</Filter>
    </ClCompile>
    <ClCompile Include="source\FreeType.cpp">
      <Filter>Source Files\Font</Filter>
    </ClCompile>
  </ItemGroup>
  <ItemGroup>
    <ClInclude Include="source\Camera.h">
      <Filter>Header Files\Camera</Filter>
    </ClInclude>
    <ClInclude Include="source\FirstPersonCamera.h">
      <Filter>Header Files\Camera</Filter>
    </ClInclude>
    <ClInclude Include="source\ThridPersonCamera.h">
      <Filter>Header Files\Camera</Filter>
    </ClInclude>
    <ClInclude Include="source\EnitityRenderer.h">
      <Filter>Header Files\Entity</Filter>
    </ClInclude>
    <ClInclude Include="source\Entity.h">
      <Filter>Header Files\Entity</Filter>
    </ClInclude>
    <ClInclude Include="source\EntityShader.h">
      <Filter>Header Files\Entity</Filter>
    </ClInclude>
    <ClInclude Include="source\FontShader.h">
      <Filter>Header Files\Font</Filter>
    </ClInclude>
    <ClInclude Include="source\FreeType.h">
      <Filter>Header Files\Font</Filter>
    </ClInclude>
    <ClInclude Include="source\GUI.h">
      <Filter>Header Files\GUI</Filter>
    </ClInclude>
    <ClInclude Include="source\GUIButton.h">
      <Filter>Header Files\GUI</Filter>
    </ClInclude>
    <ClInclude Include="source\GUIRenderer.h">
      <Filter>Header Files\GUI</Filter>
    </ClInclude>
    <ClInclude Include="source\GUIShader.h">
      <Filter>Header Files\GUI</Filter>
    </ClInclude>
    <ClInclude Include="source\GUIText.h">
      <Filter>Header Files\GUI</Filter>
    </ClInclude>
    <ClInclude Include="source\GUITexture.h">
      <Filter>Header Files\GUI</Filter>
    </ClInclude>
    <ClInclude Include="source\DisplayManager.h">
      <Filter>Header Files\BaseEngine</Filter>
    </ClInclude>
    <ClInclude Include="source\GLgame.h">
      <Filter>Header Files\BaseEngine</Filter>
    </ClInclude>
    <ClInclude Include="source\Light.h">
      <Filter>Header Files\BaseEngine</Filter>
    </ClInclude>
    <ClInclude Include="source\Loader.h">
      <Filter>Header Files\Loader</Filter>
    </ClInclude>
    <ClInclude Include="source\Material.h">
      <Filter>Header Files\Loader</Filter>
    </ClInclude>
    <ClInclude Include="source\Model.h">
      <Filter>Header Files\Loader</Filter>
    </ClInclude>
    <ClInclude Include="source\Player.h">
      <Filter>Header Files\Entity</Filter>
    </ClInclude>
    <ClInclude Include="source\Terrain.h">
      <Filter>Header Files\Terrain</Filter>
    </ClInclude>
    <ClInclude Include="source\TerrainRenderer.h">
      <Filter>Header Files\Terrain</Filter>
    </ClInclude>
    <ClInclude Include="source\TerrainShader.h">
      <Filter>Header Files\Terrain</Filter>
    </ClInclude>
    <ClInclude Include="source\Test_MainMenu.h">
      <Filter>Header Files\Scenes</Filter>
    </ClInclude>
    <ClInclude Include="source\Test_Scene.h">
      <Filter>Header Files\Scenes</Filter>
    </ClInclude>
    <ClInclude Include="source\Transform.h">
      <Filter>Header Files\Entity</Filter>
    </ClInclude>
    <ClInclude Include="source\ShaderProgram.h">
      <Filter>Header Files\BaseEngine</Filter>
    </ClInclude>
    <ClInclude Include="source\LoadingShader.h">
      <Filter>Header Files\BaseEngine</Filter>
    </ClInclude>
    <ClInclude Include="source\Scene.h">
      <Filter>Header Files\Scenes</Filter>
    </ClInclude>
    <ClInclude Include="source\UTIL.h">
      <Filter>Header Files\BaseEngine</Filter>
    </ClInclude>
  </ItemGroup>
  <ItemGroup>
    <None Include="source\GLgame.vcxproj" />
    <None Include="source\GLgame.vcxproj.filters" />
  </ItemGroup>
</Project>